// !$*UTF8*$!
{
	archiveVersion = 1;
	classes = {
	};
	objectVersion = 51;
	objects = {

/* Begin PBXBuildFile section */
		B82B4C11268396A300D7AAC7 /* ContentModel.swift in Sources */ = {isa = PBXBuildFile; fileRef = B82B4C10268396A300D7AAC7 /* ContentModel.swift */; };
		B834113F2684615C006EA13E /* data.json in Resources */ = {isa = PBXBuildFile; fileRef = B834113E2684615C006EA13E /* data.json */; };
		B8341141268462C4006EA13E /* Modules.swift in Sources */ = {isa = PBXBuildFile; fileRef = B8341140268462C4006EA13E /* Modules.swift */; };
		B835873A26919C9C00B6EA67 /* ContentDetailView.swift in Sources */ = {isa = PBXBuildFile; fileRef = B835873926919C9C00B6EA67 /* ContentDetailView.swift */; };
		B835873C2691A21E00B6EA67 /* ContentDescriptionView.swift in Sources */ = {isa = PBXBuildFile; fileRef = B835873B2691A21E00B6EA67 /* ContentDescriptionView.swift */; };
		B83DC4C5268393BD001D1289 /* EasyEnglishApp.swift in Sources */ = {isa = PBXBuildFile; fileRef = B83DC4C4268393BD001D1289 /* EasyEnglishApp.swift */; };
		B83DC4C7268393BD001D1289 /* HomeView.swift in Sources */ = {isa = PBXBuildFile; fileRef = B83DC4C6268393BD001D1289 /* HomeView.swift */; };
		B83DC4C9268393BD001D1289 /* Assets.xcassets in Resources */ = {isa = PBXBuildFile; fileRef = B83DC4C8268393BD001D1289 /* Assets.xcassets */; };
		B83DC4CC268393BD001D1289 /* Preview Assets.xcassets in Resources */ = {isa = PBXBuildFile; fileRef = B83DC4CB268393BD001D1289 /* Preview Assets.xcassets */; };
		B856915E26E3BB9300B7EB6B /* ProgressResultBarView.swift in Sources */ = {isa = PBXBuildFile; fileRef = B856915D26E3BB9300B7EB6B /* ProgressResultBarView.swift */; };
		B85FCB062683A4B7003AA582 /* SingleModuleView.swift in Sources */ = {isa = PBXBuildFile; fileRef = B85FCB052683A4B7003AA582 /* SingleModuleView.swift */; };
		B863CCBC26AD734700D8C006 /* GoogleService-Info.plist in Resources */ = {isa = PBXBuildFile; fileRef = B863CCBB26AD734700D8C006 /* GoogleService-Info.plist */; };
		B870AB5E269337620092975A /* TestResultView.swift in Sources */ = {isa = PBXBuildFile; fileRef = B870AB5D269337620092975A /* TestResultView.swift */; };
		B870AB60269351740092975A /* SingleContentView.swift in Sources */ = {isa = PBXBuildFile; fileRef = B870AB5F269351740092975A /* SingleContentView.swift */; };
		B8771FDC269214E400560104 /* SingleTestView.swift in Sources */ = {isa = PBXBuildFile; fileRef = B8771FDB269214E400560104 /* SingleTestView.swift */; };
		B89979CF269225AD00ADE5F0 /* TestView.swift in Sources */ = {isa = PBXBuildFile; fileRef = B89979CE269225AD00ADE5F0 /* TestView.swift */; };
		B8C19A3726AD7BD0001E36AE /* LoginView.swift in Sources */ = {isa = PBXBuildFile; fileRef = B8C19A3626AD7BD0001E36AE /* LoginView.swift */; };
		B8C19A3B26AD7C20001E36AE /* LaunchView.swift in Sources */ = {isa = PBXBuildFile; fileRef = B8C19A3A26AD7C20001E36AE /* LaunchView.swift */; };
		B8EA72162690DB060095E138 /* ContentView.swift in Sources */ = {isa = PBXBuildFile; fileRef = B8EA72152690DB060095E138 /* ContentView.swift */; };
		E79FEC684383F861B5404144 /* Pods_EasyEnglish.framework in Frameworks */ = {isa = PBXBuildFile; fileRef = E2DACE556C1CAC8D9D24497A /* Pods_EasyEnglish.framework */; };
/* End PBXBuildFile section */

/* Begin PBXFileReference section */
		45B16DAA4AB704CC52565401 /* Pods-EasyEnglish.debug.xcconfig */ = {isa = PBXFileReference; includeInIndex = 1; lastKnownFileType = text.xcconfig; name = "Pods-EasyEnglish.debug.xcconfig"; path = "Target Support Files/Pods-EasyEnglish/Pods-EasyEnglish.debug.xcconfig"; sourceTree = "<group>"; };
		70335C2619457DDD9AFF1360 /* Pods-EasyEnglish.release.xcconfig */ = {isa = PBXFileReference; includeInIndex = 1; lastKnownFileType = text.xcconfig; name = "Pods-EasyEnglish.release.xcconfig"; path = "Target Support Files/Pods-EasyEnglish/Pods-EasyEnglish.release.xcconfig"; sourceTree = "<group>"; };
		B82B4C10268396A300D7AAC7 /* ContentModel.swift */ = {isa = PBXFileReference; lastKnownFileType = sourcecode.swift; path = ContentModel.swift; sourceTree = "<group>"; };
		B834113E2684615C006EA13E /* data.json */ = {isa = PBXFileReference; lastKnownFileType = text.json; path = data.json; sourceTree = "<group>"; };
		B8341140268462C4006EA13E /* Modules.swift */ = {isa = PBXFileReference; lastKnownFileType = sourcecode.swift; path = Modules.swift; sourceTree = "<group>"; };
		B835873926919C9C00B6EA67 /* ContentDetailView.swift */ = {isa = PBXFileReference; fileEncoding = 4; lastKnownFileType = sourcecode.swift; path = ContentDetailView.swift; sourceTree = "<group>"; };
		B835873B2691A21E00B6EA67 /* ContentDescriptionView.swift */ = {isa = PBXFileReference; lastKnownFileType = sourcecode.swift; path = ContentDescriptionView.swift; sourceTree = "<group>"; };
		B83DC4C1268393BD001D1289 /* EasyEnglish.app */ = {isa = PBXFileReference; explicitFileType = wrapper.application; includeInIndex = 0; path = EasyEnglish.app; sourceTree = BUILT_PRODUCTS_DIR; };
		B83DC4C4268393BD001D1289 /* EasyEnglishApp.swift */ = {isa = PBXFileReference; lastKnownFileType = sourcecode.swift; path = EasyEnglishApp.swift; sourceTree = "<group>"; };
		B83DC4C6268393BD001D1289 /* HomeView.swift */ = {isa = PBXFileReference; lastKnownFileType = sourcecode.swift; path = HomeView.swift; sourceTree = "<group>"; };
		B83DC4C8268393BD001D1289 /* Assets.xcassets */ = {isa = PBXFileReference; lastKnownFileType = folder.assetcatalog; path = Assets.xcassets; sourceTree = "<group>"; };
		B83DC4CB268393BD001D1289 /* Preview Assets.xcassets */ = {isa = PBXFileReference; lastKnownFileType = folder.assetcatalog; path = "Preview Assets.xcassets"; sourceTree = "<group>"; };
		B83DC4CD268393BD001D1289 /* Info.plist */ = {isa = PBXFileReference; lastKnownFileType = text.plist.xml; path = Info.plist; sourceTree = "<group>"; };
		B856915D26E3BB9300B7EB6B /* ProgressResultBarView.swift */ = {isa = PBXFileReference; lastKnownFileType = sourcecode.swift; path = ProgressResultBarView.swift; sourceTree = "<group>"; };
		B85FCB052683A4B7003AA582 /* SingleModuleView.swift */ = {isa = PBXFileReference; lastKnownFileType = sourcecode.swift; path = SingleModuleView.swift; sourceTree = "<group>"; };
		B863CCBB26AD734700D8C006 /* GoogleService-Info.plist */ = {isa = PBXFileReference; fileEncoding = 4; lastKnownFileType = text.plist.xml; path = "GoogleService-Info.plist"; sourceTree = "<group>"; };
		B870AB5D269337620092975A /* TestResultView.swift */ = {isa = PBXFileReference; lastKnownFileType = sourcecode.swift; path = TestResultView.swift; sourceTree = "<group>"; };
		B870AB5F269351740092975A /* SingleContentView.swift */ = {isa = PBXFileReference; lastKnownFileType = sourcecode.swift; path = SingleContentView.swift; sourceTree = "<group>"; };
		B8771FDB269214E400560104 /* SingleTestView.swift */ = {isa = PBXFileReference; lastKnownFileType = sourcecode.swift; path = SingleTestView.swift; sourceTree = "<group>"; };
		B89979CE269225AD00ADE5F0 /* TestView.swift */ = {isa = PBXFileReference; lastKnownFileType = sourcecode.swift; path = TestView.swift; sourceTree = "<group>"; };
		B8C19A3626AD7BD0001E36AE /* LoginView.swift */ = {isa = PBXFileReference; lastKnownFileType = sourcecode.swift; path = LoginView.swift; sourceTree = "<group>"; };
		B8C19A3A26AD7C20001E36AE /* LaunchView.swift */ = {isa = PBXFileReference; lastKnownFileType = sourcecode.swift; path = LaunchView.swift; sourceTree = "<group>"; };
		B8EA72152690DB060095E138 /* ContentView.swift */ = {isa = PBXFileReference; fileEncoding = 4; lastKnownFileType = sourcecode.swift; path = ContentView.swift; sourceTree = "<group>"; };
		E2DACE556C1CAC8D9D24497A /* Pods_EasyEnglish.framework */ = {isa = PBXFileReference; explicitFileType = wrapper.framework; includeInIndex = 0; path = Pods_EasyEnglish.framework; sourceTree = BUILT_PRODUCTS_DIR; };
/* End PBXFileReference section */

/* Begin PBXFrameworksBuildPhase section */
		B83DC4BE268393BD001D1289 /* Frameworks */ = {
			isa = PBXFrameworksBuildPhase;
			buildActionMask = 2147483647;
			files = (
				E79FEC684383F861B5404144 /* Pods_EasyEnglish.framework in Frameworks */,
			);
			runOnlyForDeploymentPostprocessing = 0;
		};
/* End PBXFrameworksBuildPhase section */

/* Begin PBXGroup section */
		0C4EE78DD0E5D8788C834651 /* Frameworks */ = {
			isa = PBXGroup;
			children = (
				E2DACE556C1CAC8D9D24497A /* Pods_EasyEnglish.framework */,
			);
			name = Frameworks;
			sourceTree = "<group>";
		};
		A9711CB618E9717D9FEB4DD4 /* Pods */ = {
			isa = PBXGroup;
			children = (
				45B16DAA4AB704CC52565401 /* Pods-EasyEnglish.debug.xcconfig */,
				70335C2619457DDD9AFF1360 /* Pods-EasyEnglish.release.xcconfig */,
			);
			path = Pods;
			sourceTree = "<group>";
		};
		B83DC4B8268393BD001D1289 = {
			isa = PBXGroup;
			children = (
				B83DC4C3268393BD001D1289 /* EasyEnglish */,
				B83DC4C2268393BD001D1289 /* Products */,
				A9711CB618E9717D9FEB4DD4 /* Pods */,
				0C4EE78DD0E5D8788C834651 /* Frameworks */,
			);
			sourceTree = "<group>";
		};
		B83DC4C2268393BD001D1289 /* Products */ = {
			isa = PBXGroup;
			children = (
				B83DC4C1268393BD001D1289 /* EasyEnglish.app */,
			);
			name = Products;
			sourceTree = "<group>";
		};
		B83DC4C3268393BD001D1289 /* EasyEnglish */ = {
			isa = PBXGroup;
			children = (
				B83DC4C4268393BD001D1289 /* EasyEnglishApp.swift */,
				B83DC4D3268393C6001D1289 /* Views */,
				B85145C7268394B30042CCE3 /* ViewModels */,
				B85145C8268394C60042CCE3 /* Models */,
				B85145C9268394F20042CCE3 /* Data */,
				B83DC4C8268393BD001D1289 /* Assets.xcassets */,
				B83DC4CD268393BD001D1289 /* Info.plist */,
				B863CCBB26AD734700D8C006 /* GoogleService-Info.plist */,
				B83DC4CA268393BD001D1289 /* Preview Content */,
			);
			path = EasyEnglish;
			sourceTree = "<group>";
		};
		B83DC4CA268393BD001D1289 /* Preview Content */ = {
			isa = PBXGroup;
			children = (
				B83DC4CB268393BD001D1289 /* Preview Assets.xcassets */,
			);
			path = "Preview Content";
			sourceTree = "<group>";
		};
		B83DC4D3268393C6001D1289 /* Views */ = {
			isa = PBXGroup;
			children = (
				B8C19A3A26AD7C20001E36AE /* LaunchView.swift */,
				B8C19A3226AD7AA7001E36AE /* Home */,
				B8C19A3126AD7A95001E36AE /* Login */,
				B8C19A3326AD7AAE001E36AE /* Lesson */,
				B8C19A3426AD7AB7001E36AE /* Test */,
			);
			path = Views;
			sourceTree = "<group>";
		};
		B85145C7268394B30042CCE3 /* ViewModels */ = {
			isa = PBXGroup;
			children = (
				B82B4C10268396A300D7AAC7 /* ContentModel.swift */,
			);
			path = ViewModels;
			sourceTree = "<group>";
		};
		B85145C8268394C60042CCE3 /* Models */ = {
			isa = PBXGroup;
			children = (
				B8341140268462C4006EA13E /* Modules.swift */,
			);
			path = Models;
			sourceTree = "<group>";
		};
		B85145C9268394F20042CCE3 /* Data */ = {
			isa = PBXGroup;
			children = (
				B834113E2684615C006EA13E /* data.json */,
			);
			path = Data;
			sourceTree = "<group>";
		};
		B8C19A3126AD7A95001E36AE /* Login */ = {
			isa = PBXGroup;
			children = (
				B8C19A3626AD7BD0001E36AE /* LoginView.swift */,
			);
			path = Login;
			sourceTree = "<group>";
		};
		B8C19A3226AD7AA7001E36AE /* Home */ = {
			isa = PBXGroup;
			children = (
				B83DC4C6268393BD001D1289 /* HomeView.swift */,
				B85FCB052683A4B7003AA582 /* SingleModuleView.swift */,
			);
			path = Home;
			sourceTree = "<group>";
		};
		B8C19A3326AD7AAE001E36AE /* Lesson */ = {
			isa = PBXGroup;
			children = (
				B8EA72152690DB060095E138 /* ContentView.swift */,
				B870AB5F269351740092975A /* SingleContentView.swift */,
				B835873926919C9C00B6EA67 /* ContentDetailView.swift */,
				B835873B2691A21E00B6EA67 /* ContentDescriptionView.swift */,
			);
			path = Lesson;
			sourceTree = "<group>";
		};
		B8C19A3426AD7AB7001E36AE /* Test */ = {
			isa = PBXGroup;
			children = (
				B89979CE269225AD00ADE5F0 /* TestView.swift */,
				B870AB5D269337620092975A /* TestResultView.swift */,
				B856915D26E3BB9300B7EB6B /* ProgressResultBarView.swift */,
				B8771FDB269214E400560104 /* SingleTestView.swift */,
			);
			path = Test;
			sourceTree = "<group>";
		};
/* End PBXGroup section */

/* Begin PBXNativeTarget section */
		B83DC4C0268393BD001D1289 /* EasyEnglish */ = {
			isa = PBXNativeTarget;
			buildConfigurationList = B83DC4D0268393BD001D1289 /* Build configuration list for PBXNativeTarget "EasyEnglish" */;
			buildPhases = (
				BCFC6DB56A5DAE556535BC7D /* [CP] Check Pods Manifest.lock */,
				B83DC4BD268393BD001D1289 /* Sources */,
				B83DC4BE268393BD001D1289 /* Frameworks */,
				B83DC4BF268393BD001D1289 /* Resources */,
				4133C862BEB32EC9F0825CBA /* [CP] Embed Pods Frameworks */,
			);
			buildRules = (
			);
			dependencies = (
			);
			name = EasyEnglish;
			productName = EasyEnglish;
			productReference = B83DC4C1268393BD001D1289 /* EasyEnglish.app */;
			productType = "com.apple.product-type.application";
		};
/* End PBXNativeTarget section */

/* Begin PBXProject section */
		B83DC4B9268393BD001D1289 /* Project object */ = {
			isa = PBXProject;
			attributes = {
				LastSwiftUpdateCheck = 1250;
				LastUpgradeCheck = 1250;
				TargetAttributes = {
					B83DC4C0268393BD001D1289 = {
						CreatedOnToolsVersion = 12.5;
					};
				};
			};
			buildConfigurationList = B83DC4BC268393BD001D1289 /* Build configuration list for PBXProject "EasyEnglish" */;
			compatibilityVersion = "Xcode 9.3";
			developmentRegion = en;
			hasScannedForEncodings = 0;
			knownRegions = (
				en,
				Base,
			);
			mainGroup = B83DC4B8268393BD001D1289;
			productRefGroup = B83DC4C2268393BD001D1289 /* Products */;
			projectDirPath = "";
			projectRoot = "";
			targets = (
				B83DC4C0268393BD001D1289 /* EasyEnglish */,
			);
		};
/* End PBXProject section */

/* Begin PBXResourcesBuildPhase section */
		B83DC4BF268393BD001D1289 /* Resources */ = {
			isa = PBXResourcesBuildPhase;
			buildActionMask = 2147483647;
			files = (
				B863CCBC26AD734700D8C006 /* GoogleService-Info.plist in Resources */,
				B83DC4CC268393BD001D1289 /* Preview Assets.xcassets in Resources */,
				B83DC4C9268393BD001D1289 /* Assets.xcassets in Resources */,
				B834113F2684615C006EA13E /* data.json in Resources */,
			);
			runOnlyForDeploymentPostprocessing = 0;
		};
/* End PBXResourcesBuildPhase section */

/* Begin PBXShellScriptBuildPhase section */
		4133C862BEB32EC9F0825CBA /* [CP] Embed Pods Frameworks */ = {
			isa = PBXShellScriptBuildPhase;
			buildActionMask = 2147483647;
			files = (
			);
			inputFileListPaths = (
				"${PODS_ROOT}/Target Support Files/Pods-EasyEnglish/Pods-EasyEnglish-frameworks-${CONFIGURATION}-input-files.xcfilelist",
			);
			name = "[CP] Embed Pods Frameworks";
			outputFileListPaths = (
				"${PODS_ROOT}/Target Support Files/Pods-EasyEnglish/Pods-EasyEnglish-frameworks-${CONFIGURATION}-output-files.xcfilelist",
			);
			runOnlyForDeploymentPostprocessing = 0;
			shellPath = /bin/sh;
			shellScript = "\"${PODS_ROOT}/Target Support Files/Pods-EasyEnglish/Pods-EasyEnglish-frameworks.sh\"\n";
			showEnvVarsInLog = 0;
		};
		BCFC6DB56A5DAE556535BC7D /* [CP] Check Pods Manifest.lock */ = {
			isa = PBXShellScriptBuildPhase;
			buildActionMask = 2147483647;
			files = (
			);
			inputFileListPaths = (
			);
			inputPaths = (
				"${PODS_PODFILE_DIR_PATH}/Podfile.lock",
				"${PODS_ROOT}/Manifest.lock",
			);
			name = "[CP] Check Pods Manifest.lock";
			outputFileListPaths = (
			);
			outputPaths = (
				"$(DERIVED_FILE_DIR)/Pods-EasyEnglish-checkManifestLockResult.txt",
			);
			runOnlyForDeploymentPostprocessing = 0;
			shellPath = /bin/sh;
			shellScript = "diff \"${PODS_PODFILE_DIR_PATH}/Podfile.lock\" \"${PODS_ROOT}/Manifest.lock\" > /dev/null\nif [ $? != 0 ] ; then\n    # print error to STDERR\n    echo \"error: The sandbox is not in sync with the Podfile.lock. Run 'pod install' or update your CocoaPods installation.\" >&2\n    exit 1\nfi\n# This output is used by Xcode 'outputs' to avoid re-running this script phase.\necho \"SUCCESS\" > \"${SCRIPT_OUTPUT_FILE_0}\"\n";
			showEnvVarsInLog = 0;
		};
/* End PBXShellScriptBuildPhase section */

/* Begin PBXSourcesBuildPhase section */
		B83DC4BD268393BD001D1289 /* Sources */ = {
			isa = PBXSourcesBuildPhase;
			buildActionMask = 2147483647;
			files = (
				B85FCB062683A4B7003AA582 /* SingleModuleView.swift in Sources */,
				B8C19A3B26AD7C20001E36AE /* LaunchView.swift in Sources */,
				B8341141268462C4006EA13E /* Modules.swift in Sources */,
				B870AB60269351740092975A /* SingleContentView.swift in Sources */,
				B856915E26E3BB9300B7EB6B /* ProgressResultBarView.swift in Sources */,
				B82B4C11268396A300D7AAC7 /* ContentModel.swift in Sources */,
				B8771FDC269214E400560104 /* SingleTestView.swift in Sources */,
				B835873A26919C9C00B6EA67 /* ContentDetailView.swift in Sources */,
				B8EA72162690DB060095E138 /* ContentView.swift in Sources */,
				B89979CF269225AD00ADE5F0 /* TestView.swift in Sources */,
				B835873C2691A21E00B6EA67 /* ContentDescriptionView.swift in Sources */,
				B83DC4C7268393BD001D1289 /* HomeView.swift in Sources */,
				B8C19A3726AD7BD0001E36AE /* LoginView.swift in Sources */,
				B83DC4C5268393BD001D1289 /* EasyEnglishApp.swift in Sources */,
				B870AB5E269337620092975A /* TestResultView.swift in Sources */,
			);
			runOnlyForDeploymentPostprocessing = 0;
		};
/* End PBXSourcesBuildPhase section */

/* Begin XCBuildConfiguration section */
		B83DC4CE268393BD001D1289 /* Debug */ = {
			isa = XCBuildConfiguration;
			buildSettings = {
				ALWAYS_SEARCH_USER_PATHS = NO;
				CLANG_ANALYZER_NONNULL = YES;
				CLANG_ANALYZER_NUMBER_OBJECT_CONVERSION = YES_AGGRESSIVE;
				CLANG_CXX_LANGUAGE_STANDARD = "gnu++14";
				CLANG_CXX_LIBRARY = "libc++";
				CLANG_ENABLE_MODULES = YES;
				CLANG_ENABLE_OBJC_ARC = YES;
				CLANG_ENABLE_OBJC_WEAK = YES;
				CLANG_WARN_BLOCK_CAPTURE_AUTORELEASING = YES;
				CLANG_WARN_BOOL_CONVERSION = YES;
				CLANG_WARN_COMMA = YES;
				CLANG_WARN_CONSTANT_CONVERSION = YES;
				CLANG_WARN_DEPRECATED_OBJC_IMPLEMENTATIONS = YES;
				CLANG_WARN_DIRECT_OBJC_ISA_USAGE = YES_ERROR;
				CLANG_WARN_DOCUMENTATION_COMMENTS = YES;
				CLANG_WARN_EMPTY_BODY = YES;
				CLANG_WARN_ENUM_CONVERSION = YES;
				CLANG_WARN_INFINITE_RECURSION = YES;
				CLANG_WARN_INT_CONVERSION = YES;
				CLANG_WARN_NON_LITERAL_NULL_CONVERSION = YES;
				CLANG_WARN_OBJC_IMPLICIT_RETAIN_SELF = YES;
				CLANG_WARN_OBJC_LITERAL_CONVERSION = YES;
				CLANG_WARN_OBJC_ROOT_CLASS = YES_ERROR;
				CLANG_WARN_QUOTED_INCLUDE_IN_FRAMEWORK_HEADER = NO;
				CLANG_WARN_RANGE_LOOP_ANALYSIS = YES;
				CLANG_WARN_STRICT_PROTOTYPES = YES;
				CLANG_WARN_SUSPICIOUS_MOVE = YES;
				CLANG_WARN_UNGUARDED_AVAILABILITY = YES_AGGRESSIVE;
				CLANG_WARN_UNREACHABLE_CODE = YES;
				CLANG_WARN__DUPLICATE_METHOD_MATCH = YES;
				COPY_PHASE_STRIP = NO;
				DEBUG_INFORMATION_FORMAT = dwarf;
				ENABLE_STRICT_OBJC_MSGSEND = YES;
				ENABLE_TESTABILITY = YES;
				GCC_C_LANGUAGE_STANDARD = gnu11;
				GCC_DYNAMIC_NO_PIC = NO;
				GCC_NO_COMMON_BLOCKS = YES;
				GCC_OPTIMIZATION_LEVEL = 0;
				GCC_PREPROCESSOR_DEFINITIONS = (
					"DEBUG=1",
					"$(inherited)",
				);
				GCC_WARN_64_TO_32_BIT_CONVERSION = YES;
				GCC_WARN_ABOUT_RETURN_TYPE = YES_ERROR;
				GCC_WARN_UNDECLARED_SELECTOR = YES;
				GCC_WARN_UNINITIALIZED_AUTOS = YES_AGGRESSIVE;
				GCC_WARN_UNUSED_FUNCTION = YES;
				GCC_WARN_UNUSED_VARIABLE = YES;
				IPHONEOS_DEPLOYMENT_TARGET = 14.0;
				MTL_ENABLE_DEBUG_INFO = INCLUDE_SOURCE;
				MTL_FAST_MATH = YES;
				ONLY_ACTIVE_ARCH = YES;
				SDKROOT = iphoneos;
				SWIFT_ACTIVE_COMPILATION_CONDITIONS = DEBUG;
				SWIFT_OPTIMIZATION_LEVEL = "-Onone";
			};
			name = Debug;
		};
		B83DC4CF268393BD001D1289 /* Release */ = {
			isa = XCBuildConfiguration;
			buildSettings = {
				ALWAYS_SEARCH_USER_PATHS = NO;
				CLANG_ANALYZER_NONNULL = YES;
				CLANG_ANALYZER_NUMBER_OBJECT_CONVERSION = YES_AGGRESSIVE;
				CLANG_CXX_LANGUAGE_STANDARD = "gnu++14";
				CLANG_CXX_LIBRARY = "libc++";
				CLANG_ENABLE_MODULES = YES;
				CLANG_ENABLE_OBJC_ARC = YES;
				CLANG_ENABLE_OBJC_WEAK = YES;
				CLANG_WARN_BLOCK_CAPTURE_AUTORELEASING = YES;
				CLANG_WARN_BOOL_CONVERSION = YES;
				CLANG_WARN_COMMA = YES;
				CLANG_WARN_CONSTANT_CONVERSION = YES;
				CLANG_WARN_DEPRECATED_OBJC_IMPLEMENTATIONS = YES;
				CLANG_WARN_DIRECT_OBJC_ISA_USAGE = YES_ERROR;
				CLANG_WARN_DOCUMENTATION_COMMENTS = YES;
				CLANG_WARN_EMPTY_BODY = YES;
				CLANG_WARN_ENUM_CONVERSION = YES;
				CLANG_WARN_INFINITE_RECURSION = YES;
				CLANG_WARN_INT_CONVERSION = YES;
				CLANG_WARN_NON_LITERAL_NULL_CONVERSION = YES;
				CLANG_WARN_OBJC_IMPLICIT_RETAIN_SELF = YES;
				CLANG_WARN_OBJC_LITERAL_CONVERSION = YES;
				CLANG_WARN_OBJC_ROOT_CLASS = YES_ERROR;
				CLANG_WARN_QUOTED_INCLUDE_IN_FRAMEWORK_HEADER = NO;
				CLANG_WARN_RANGE_LOOP_ANALYSIS = YES;
				CLANG_WARN_STRICT_PROTOTYPES = YES;
				CLANG_WARN_SUSPICIOUS_MOVE = YES;
				CLANG_WARN_UNGUARDED_AVAILABILITY = YES_AGGRESSIVE;
				CLANG_WARN_UNREACHABLE_CODE = YES;
				CLANG_WARN__DUPLICATE_METHOD_MATCH = YES;
				COPY_PHASE_STRIP = NO;
				DEBUG_INFORMATION_FORMAT = "dwarf-with-dsym";
				ENABLE_NS_ASSERTIONS = NO;
				ENABLE_STRICT_OBJC_MSGSEND = YES;
				GCC_C_LANGUAGE_STANDARD = gnu11;
				GCC_NO_COMMON_BLOCKS = YES;
				GCC_WARN_64_TO_32_BIT_CONVERSION = YES;
				GCC_WARN_ABOUT_RETURN_TYPE = YES_ERROR;
				GCC_WARN_UNDECLARED_SELECTOR = YES;
				GCC_WARN_UNINITIALIZED_AUTOS = YES_AGGRESSIVE;
				GCC_WARN_UNUSED_FUNCTION = YES;
				GCC_WARN_UNUSED_VARIABLE = YES;
				IPHONEOS_DEPLOYMENT_TARGET = 14.0;
				MTL_ENABLE_DEBUG_INFO = NO;
				MTL_FAST_MATH = YES;
				SDKROOT = iphoneos;
				SWIFT_COMPILATION_MODE = wholemodule;
				SWIFT_OPTIMIZATION_LEVEL = "-O";
				VALIDATE_PRODUCT = YES;
			};
			name = Release;
		};
		B83DC4D1268393BD001D1289 /* Debug */ = {
			isa = XCBuildConfiguration;
			baseConfigurationReference = 45B16DAA4AB704CC52565401 /* Pods-EasyEnglish.debug.xcconfig */;
			buildSettings = {
				ASSETCATALOG_COMPILER_APPICON_NAME = AppIcon;
				ASSETCATALOG_COMPILER_GLOBAL_ACCENT_COLOR_NAME = AccentColor;
				CODE_SIGN_STYLE = Automatic;
				DEVELOPMENT_ASSET_PATHS = "\"EasyEnglish/Preview Content\"";
				DEVELOPMENT_TEAM = G77J479352;
				ENABLE_PREVIEWS = YES;
				INFOPLIST_FILE = EasyEnglish/Info.plist;
				IPHONEOS_DEPLOYMENT_TARGET = 14.0;
				LD_RUNPATH_SEARCH_PATHS = (
					"$(inherited)",
					"@executable_path/Frameworks",
				);
				PRODUCT_BUNDLE_IDENTIFIER = com.artkurb.EasyEnglish;
				PRODUCT_NAME = "$(TARGET_NAME)";
				SWIFT_VERSION = 5.0;
				TARGETED_DEVICE_FAMILY = "1,2";
			};
			name = Debug;
		};
		B83DC4D2268393BD001D1289 /* Release */ = {
			isa = XCBuildConfiguration;
			baseConfigurationReference = 70335C2619457DDD9AFF1360 /* Pods-EasyEnglish.release.xcconfig */;
			buildSettings = {
				ASSETCATALOG_COMPILER_APPICON_NAME = AppIcon;
				ASSETCATALOG_COMPILER_GLOBAL_ACCENT_COLOR_NAME = AccentColor;
				CODE_SIGN_STYLE = Automatic;
				DEVELOPMENT_ASSET_PATHS = "\"EasyEnglish/Preview Content\"";
				DEVELOPMENT_TEAM = G77J479352;
				ENABLE_PREVIEWS = YES;
				INFOPLIST_FILE = EasyEnglish/Info.plist;
				IPHONEOS_DEPLOYMENT_TARGET = 14.0;
				LD_RUNPATH_SEARCH_PATHS = (
					"$(inherited)",
					"@executable_path/Frameworks",
				);
				PRODUCT_BUNDLE_IDENTIFIER = com.artkurb.EasyEnglish;
				PRODUCT_NAME = "$(TARGET_NAME)";
				SWIFT_VERSION = 5.0;
				TARGETED_DEVICE_FAMILY = "1,2";
			};
			name = Release;
		};
/* End XCBuildConfiguration section */

/* Begin XCConfigurationList section */
		B83DC4BC268393BD001D1289 /* Build configuration list for PBXProject "EasyEnglish" */ = {
			isa = XCConfigurationList;
			buildConfigurations = (
				B83DC4CE268393BD001D1289 /* Debug */,
				B83DC4CF268393BD001D1289 /* Release */,
			);
			defaultConfigurationIsVisible = 0;
			defaultConfigurationName = Release;
		};
		B83DC4D0268393BD001D1289 /* Build configuration list for PBXNativeTarget "EasyEnglish" */ = {
			isa = XCConfigurationList;
			buildConfigurations = (
				B83DC4D1268393BD001D1289 /* Debug */,
				B83DC4D2268393BD001D1289 /* Release */,
			);
			defaultConfigurationIsVisible = 0;
			defaultConfigurationName = Release;
		};
/* End XCConfigurationList section */
	};
	rootObject = B83DC4B9268393BD001D1289 /* Project object */;
}
